
Microsoft Visual Studio Solution File, Format Version 12.00
# Visual Studio 15
Project("{FAE04EC0-301F-11D3-BF4B-00C04F79EFBC}") = "renda", "renda\renda.csproj", "{0C316AF6-1BB5-4170-AAB9-4630B08E065E}"
EndProject
Global
	GlobalSection(SolutionConfigurationPlatforms) = preSolution
		Debug|iPhoneSimulator = Debug|iPhoneSimulator
		Release|iPhoneSimulator = Release|iPhoneSimulator
		Debug|iPhone = Debug|iPhone
		Release|iPhone = Release|iPhone
	EndGlobalSection
	GlobalSection(ProjectConfigurationPlatforms) = postSolution
		{0C316AF6-1BB5-4170-AAB9-4630B08E065E}.Debug|iPhoneSimulator.ActiveCfg = Debug|iPhoneSimulator
		{0C316AF6-1BB5-4170-AAB9-4630B08E065E}.Debug|iPhoneSimulator.Build.0 = Debug|iPhoneSimulator
		{0C316AF6-1BB5-4170-AAB9-4630B08E065E}.Release|iPhoneSimulator.ActiveCfg = Release|iPhoneSimulator
		{0C316AF6-1BB5-4170-AAB9-4630B08E065E}.Release|iPhoneSimulator.Build.0 = Release|iPhoneSimulator
		{0C316AF6-1BB5-4170-AAB9-4630B08E065E}.Debug|iPhone.ActiveCfg = Debug|iPhone
		{0C316AF6-1BB5-4170-AAB9-4630B08E065E}.Debug|iPhone.Build.0 = Debug|iPhone
		{0C316AF6-1BB5-4170-AAB9-4630B08E065E}.Release|iPhone.ActiveCfg = Release|iPhone
		{0C316AF6-1BB5-4170-AAB9-4630B08E065E}.Release|iPhone.Build.0 = Release|iPhone
	EndGlobalSection
EndGlobal
